
Microsoft Visual Studio Solution File, Format Version 12.00
# Visual Studio Version 17
VisualStudioVersion = 17.8.34330.188
MinimumVisualStudioVersion = 10.0.40219.1
Project("{FAE04EC0-301F-11D3-BF4B-00C04F79EFBC}") = "backend1", "backend1\backend1.csproj", "{5358BEC4-54C5-4B8B-B5B0-CC90443BDCF9}"
EndProject
Global
	GlobalSection(SolutionConfigurationPlatforms) = preSolution
		Debug|Any CPU = Debug|Any CPU
		Release|Any CPU = Release|Any CPU
	EndGlobalSection
	GlobalSection(ProjectConfigurationPlatforms) = postSolution
		{5358BEC4-54C5-4B8B-B5B0-CC90443BDCF9}.Debug|Any CPU.ActiveCfg = Debug|Any CPU
		{5358BEC4-54C5-4B8B-B5B0-CC90443BDCF9}.Debug|Any CPU.Build.0 = Debug|Any CPU
		{5358BEC4-54C5-4B8B-B5B0-CC90443BDCF9}.Release|Any CPU.ActiveCfg = Release|Any CPU
		{5358BEC4-54C5-4B8B-B5B0-CC90443BDCF9}.Release|Any CPU.Build.0 = Release|Any CPU
	EndGlobalSection
	GlobalSection(SolutionProperties) = preSolution
		HideSolutionNode = FALSE
	EndGlobalSection
	GlobalSection(ExtensibilityGlobals) = postSolution
		SolutionGuid = {54DD62AC-06E1-4394-BB0A-B6F92BA604EF}
	EndGlobalSection
EndGlobal
